# This file is @generated by PDM.
# It is not intended for manual editing.

[metadata]
groups = ["default", "dev"]
strategy = ["cross_platform", "inherit_metadata"]
lock_version = "4.4.2"
content_hash = "sha256:c5ba00d0b0f302c5f125b212659e31cb9085ca2cc92af33700a5443d0bdcf9fc"

[[package]]
name = "astroid"
version = "3.2.3"
requires_python = ">=3.8.0"
summary = "An abstract syntax tree for Python with inference support."
groups = ["default"]
files = [
    {file = "astroid-3.2.3-py3-none-any.whl", hash = "sha256:3eae9ea67c11c858cdd2c91337d2e816bd019ac897ca07d7b346ac10105fceb3"},
    {file = "astroid-3.2.3.tar.gz", hash = "sha256:7099b5a60985529d8d46858befa103b82d0d05a5a5e8b816b5303ed96075e1d9"},
]

[[package]]
name = "boto3"
version = "1.34.98"
requires_python = ">=3.8"
summary = "The AWS SDK for Python"
groups = ["default"]
dependencies = [
    "botocore<1.35.0,>=1.34.98",
    "jmespath<2.0.0,>=0.7.1",
    "s3transfer<0.11.0,>=0.10.0",
]
files = [
    {file = "boto3-1.34.98-py3-none-any.whl", hash = "sha256:030e43b8efe22b4cf10b9f3ef9e30cd4cf9ef9784b26efe9a4583339f2b2bcec"},
    {file = "boto3-1.34.98.tar.gz", hash = "sha256:28c10956033fa79e64529f48c3b62db86d5e4b77024a7343764b6bde6b553543"},
]

[[package]]
name = "botocore"
version = "1.34.98"
requires_python = ">=3.8"
summary = "Low-level, data-driven core of boto 3."
groups = ["default"]
dependencies = [
    "jmespath<2.0.0,>=0.7.1",
    "python-dateutil<3.0.0,>=2.1",
    "urllib3!=2.2.0,<3,>=1.25.4; python_version >= \"3.10\"",
]
files = [
    {file = "botocore-1.34.98-py3-none-any.whl", hash = "sha256:631c0031d8ce922b5752ab395ead896a0281b0dc74745a754d0351a27c5d83de"},
    {file = "botocore-1.34.98.tar.gz", hash = "sha256:4cee65df02f4b0be08ad1401965cc89efafebc50ef0727d2d17083c7f1ed2831"},
]

[[package]]
name = "certifi"
version = "2024.2.2"
requires_python = ">=3.6"
summary = "Python package for providing Mozilla's CA Bundle."
groups = ["default"]
files = [
    {file = "certifi-2024.2.2-py3-none-any.whl", hash = "sha256:dc383c07b76109f368f6106eee2b593b04a011ea4d55f652c6ca24a754d1cdd1"},
    {file = "certifi-2024.2.2.tar.gz", hash = "sha256:0569859f95fc761b18b45ef421b1290a0f65f147e92a1e5eb3e635f9a5e4e66f"},
]

[[package]]
name = "charset-normalizer"
version = "3.3.2"
requires_python = ">=3.7.0"
summary = "The Real First Universal Charset Detector. Open, modern and actively maintained alternative to Chardet."
groups = ["default"]
files = [
    {file = "charset-normalizer-3.3.2.tar.gz", hash = "sha256:f30c3cb33b24454a82faecaf01b19c18562b1e89558fb6c56de4d9118a032fd5"},
    {file = "charset_normalizer-3.3.2-cp312-cp312-macosx_10_9_universal2.whl", hash = "sha256:0b2b64d2bb6d3fb9112bafa732def486049e63de9618b5843bcdd081d8144cd8"},
    {file = "charset_normalizer-3.3.2-cp312-cp312-macosx_10_9_x86_64.whl", hash = "sha256:ddbb2551d7e0102e7252db79ba445cdab71b26640817ab1e3e3648dad515003b"},
    {file = "charset_normalizer-3.3.2-cp312-cp312-macosx_11_0_arm64.whl", hash = "sha256:55086ee1064215781fff39a1af09518bc9255b50d6333f2e4c74ca09fac6a8f6"},
    {file = "charset_normalizer-3.3.2-cp312-cp312-manylinux_2_17_aarch64.manylinux2014_aarch64.whl", hash = "sha256:8f4a014bc36d3c57402e2977dada34f9c12300af536839dc38c0beab8878f38a"},
    {file = "charset_normalizer-3.3.2-cp312-cp312-manylinux_2_17_ppc64le.manylinux2014_ppc64le.whl", hash = "sha256:a10af20b82360ab00827f916a6058451b723b4e65030c5a18577c8b2de5b3389"},
    {file = "charset_normalizer-3.3.2-cp312-cp312-manylinux_2_17_s390x.manylinux2014_s390x.whl", hash = "sha256:8d756e44e94489e49571086ef83b2bb8ce311e730092d2c34ca8f7d925cb20aa"},
    {file = "charset_normalizer-3.3.2-cp312-cp312-manylinux_2_17_x86_64.manylinux2014_x86_64.whl", hash = "sha256:90d558489962fd4918143277a773316e56c72da56ec7aa3dc3dbbe20fdfed15b"},
    {file = "charset_normalizer-3.3.2-cp312-cp312-manylinux_2_5_i686.manylinux1_i686.manylinux_2_17_i686.manylinux2014_i686.whl", hash = "sha256:6ac7ffc7ad6d040517be39eb591cac5ff87416c2537df6ba3cba3bae290c0fed"},
    {file = "charset_normalizer-3.3.2-cp312-cp312-musllinux_1_1_aarch64.whl", hash = "sha256:7ed9e526742851e8d5cc9e6cf41427dfc6068d4f5a3bb03659444b4cabf6bc26"},
    {file = "charset_normalizer-3.3.2-cp312-cp312-musllinux_1_1_i686.whl", hash = "sha256:8bdb58ff7ba23002a4c5808d608e4e6c687175724f54a5dade5fa8c67b604e4d"},
    {file = "charset_normalizer-3.3.2-cp312-cp312-musllinux_1_1_ppc64le.whl", hash = "sha256:6b3251890fff30ee142c44144871185dbe13b11bab478a88887a639655be1068"},
    {file = "charset_normalizer-3.3.2-cp312-cp312-musllinux_1_1_s390x.whl", hash = "sha256:b4a23f61ce87adf89be746c8a8974fe1c823c891d8f86eb218bb957c924bb143"},
    {file = "charset_normalizer-3.3.2-cp312-cp312-musllinux_1_1_x86_64.whl", hash = "sha256:efcb3f6676480691518c177e3b465bcddf57cea040302f9f4e6e191af91174d4"},
    {file = "charset_normalizer-3.3.2-cp312-cp312-win32.whl", hash = "sha256:d965bba47ddeec8cd560687584e88cf699fd28f192ceb452d1d7ee807c5597b7"},
    {file = "charset_normalizer-3.3.2-cp312-cp312-win_amd64.whl", hash = "sha256:96b02a3dc4381e5494fad39be677abcb5e6634bf7b4fa83a6dd3112607547001"},
    {file = "charset_normalizer-3.3.2-py3-none-any.whl", hash = "sha256:3e4d1f6587322d2788836a99c69062fbb091331ec940e02d12d179c1d53e25fc"},
]

[[package]]
name = "colorama"
version = "0.4.6"
requires_python = "!=3.0.*,!=3.1.*,!=3.2.*,!=3.3.*,!=3.4.*,!=3.5.*,!=3.6.*,>=2.7"
summary = "Cross-platform colored terminal text."
groups = ["default", "dev"]
marker = "sys_platform == \"win32\""
files = [
    {file = "colorama-0.4.6-py2.py3-none-any.whl", hash = "sha256:4f1d9991f5acc0ca119f9d443620b77f9d6b33703e51011c16baf57afb285fc6"},
    {file = "colorama-0.4.6.tar.gz", hash = "sha256:08695f5cb7ed6e0531a20572697297273c47b8cae5a63ffc6d6ed5c201be6e44"},
]

[[package]]
name = "decopatch"
version = "1.4.10"
summary = "Create decorators easily in python."
groups = ["dev"]
dependencies = [
    "makefun>=1.5.0",
]
files = [
    {file = "decopatch-1.4.10-py2.py3-none-any.whl", hash = "sha256:e151f7f93de2b1b3fd3f3272dcc7cefd1a69f68ec1c2d8e288ecd9deb36dc5f7"},
    {file = "decopatch-1.4.10.tar.gz", hash = "sha256:957f49c93f4150182c23f8fb51d13bb3213e0f17a79e09c8cca7057598b55720"},
]

[[package]]
name = "dill"
version = "0.3.8"
requires_python = ">=3.8"
summary = "serialize all of Python"
groups = ["default"]
marker = "python_version >= \"3.11\""
files = [
    {file = "dill-0.3.8-py3-none-any.whl", hash = "sha256:c36ca9ffb54365bdd2f8eb3eff7d2a21237f8452b57ace88b1ac615b7e815bd7"},
    {file = "dill-0.3.8.tar.gz", hash = "sha256:3ebe3c479ad625c4553aca177444d89b486b1d84982eeacded644afc0cf797ca"},
]

[[package]]
name = "idna"
version = "3.7"
requires_python = ">=3.5"
summary = "Internationalized Domain Names in Applications (IDNA)"
groups = ["default"]
files = [
    {file = "idna-3.7-py3-none-any.whl", hash = "sha256:82fee1fc78add43492d3a1898bfa6d8a904cc97d8427f683ed8e798d07761aa0"},
    {file = "idna-3.7.tar.gz", hash = "sha256:028ff3aadf0609c1fd278d8ea3089299412a7a8b9bd005dd08b9f8285bcb5cfc"},
]

[[package]]
name = "iniconfig"
version = "2.0.0"
requires_python = ">=3.7"
summary = "brain-dead simple config-ini parsing"
groups = ["dev"]
files = [
    {file = "iniconfig-2.0.0-py3-none-any.whl", hash = "sha256:b6a85871a79d2e3b22d2d1b94ac2824226a63c6b741c88f7ae975f18b6778374"},
    {file = "iniconfig-2.0.0.tar.gz", hash = "sha256:2d91e135bf72d31a410b17c16da610a82cb55f6b0477d1a902134b24a455b8b3"},
]

[[package]]
name = "isort"
version = "5.13.2"
requires_python = ">=3.8.0"
summary = "A Python utility / library to sort Python imports."
groups = ["default"]
files = [
    {file = "isort-5.13.2-py3-none-any.whl", hash = "sha256:8ca5e72a8d85860d5a3fa69b8745237f2939afe12dbf656afbcb47fe72d947a6"},
    {file = "isort-5.13.2.tar.gz", hash = "sha256:48fdfcb9face5d58a4f6dde2e72a1fb8dcaf8ab26f95ab49fab84c2ddefb0109"},
]

[[package]]
name = "jmespath"
version = "1.0.1"
requires_python = ">=3.7"
summary = "JSON Matching Expressions"
groups = ["default"]
files = [
    {file = "jmespath-1.0.1-py3-none-any.whl", hash = "sha256:02e2e4cc71b5bcab88332eebf907519190dd9e6e82107fa7f83b1003a6252980"},
    {file = "jmespath-1.0.1.tar.gz", hash = "sha256:90261b206d6defd58fdd5e85f478bf633a2901798906be2ad389150c5c60edbe"},
]

[[package]]
name = "makefun"
version = "1.15.3"
summary = "Small library to dynamically create python functions."
groups = ["dev"]
files = [
    {file = "makefun-1.15.3-py2.py3-none-any.whl", hash = "sha256:2d692b46c284db54a54897fa3df3b2443b39eb6711bd7c7d2149322bffca0cc3"},
    {file = "makefun-1.15.3.tar.gz", hash = "sha256:72039743135dd44ba5037d08e9c6fe4b29dfee7f2eb8106951f9a20ca7d6d1fa"},
]

[[package]]
name = "mccabe"
version = "0.7.0"
requires_python = ">=3.6"
summary = "McCabe checker, plugin for flake8"
groups = ["default"]
files = [
    {file = "mccabe-0.7.0-py2.py3-none-any.whl", hash = "sha256:6c2d30ab6be0e4a46919781807b4f0d834ebdd6c6e3dca0bda5a15f863427b6e"},
    {file = "mccabe-0.7.0.tar.gz", hash = "sha256:348e0240c33b60bbdf4e523192ef919f28cb2c3d7d5c7794f74009290f236325"},
]

[[package]]
name = "metaflow"
version = "2.12.8"
summary = "Metaflow: More Data Science, Less Engineering"
groups = ["default"]
dependencies = [
    "boto3",
    "requests",
]
files = [
    {file = "metaflow-2.12.8-py2.py3-none-any.whl", hash = "sha256:8c301f3a2d27e3cf87a7ac8eaf186a4329df9af15932682cae7788fa0f50543f"},
    {file = "metaflow-2.12.8.tar.gz", hash = "sha256:bdc34eb631c4b9228f35512d9985e2ac6313206edbc36ff9605133773e1dc195"},
]

[[package]]
name = "numpy"
version = "2.0.1"
requires_python = ">=3.9"
summary = "Fundamental package for array computing in Python"
groups = ["default"]
files = [
    {file = "numpy-2.0.1-cp312-cp312-macosx_10_9_x86_64.whl", hash = "sha256:6bf4e6f4a2a2e26655717a1983ef6324f2664d7011f6ef7482e8c0b3d51e82ac"},
    {file = "numpy-2.0.1-cp312-cp312-macosx_11_0_arm64.whl", hash = "sha256:7d6fddc5fe258d3328cd8e3d7d3e02234c5d70e01ebe377a6ab92adb14039cb4"},
    {file = "numpy-2.0.1-cp312-cp312-macosx_14_0_arm64.whl", hash = "sha256:5daab361be6ddeb299a918a7c0864fa8618af66019138263247af405018b04e1"},
    {file = "numpy-2.0.1-cp312-cp312-macosx_14_0_x86_64.whl", hash = "sha256:ea2326a4dca88e4a274ba3a4405eb6c6467d3ffbd8c7d38632502eaae3820587"},
    {file = "numpy-2.0.1-cp312-cp312-manylinux_2_17_aarch64.manylinux2014_aarch64.whl", hash = "sha256:529af13c5f4b7a932fb0e1911d3a75da204eff023ee5e0e79c1751564221a5c8"},
    {file = "numpy-2.0.1-cp312-cp312-manylinux_2_17_x86_64.manylinux2014_x86_64.whl", hash = "sha256:6790654cb13eab303d8402354fabd47472b24635700f631f041bd0b65e37298a"},
    {file = "numpy-2.0.1-cp312-cp312-musllinux_1_1_x86_64.whl", hash = "sha256:cbab9fc9c391700e3e1287666dfd82d8666d10e69a6c4a09ab97574c0b7ee0a7"},
    {file = "numpy-2.0.1-cp312-cp312-musllinux_1_2_aarch64.whl", hash = "sha256:99d0d92a5e3613c33a5f01db206a33f8fdf3d71f2912b0de1739894668b7a93b"},
    {file = "numpy-2.0.1-cp312-cp312-win32.whl", hash = "sha256:173a00b9995f73b79eb0191129f2455f1e34c203f559dd118636858cc452a1bf"},
    {file = "numpy-2.0.1-cp312-cp312-win_amd64.whl", hash = "sha256:bb2124fdc6e62baae159ebcfa368708867eb56806804d005860b6007388df171"},
    {file = "numpy-2.0.1-pp39-pypy39_pp73-macosx_10_9_x86_64.whl", hash = "sha256:61728fba1e464f789b11deb78a57805c70b2ed02343560456190d0501ba37b0f"},
    {file = "numpy-2.0.1-pp39-pypy39_pp73-macosx_14_0_x86_64.whl", hash = "sha256:12f5d865d60fb9734e60a60f1d5afa6d962d8d4467c120a1c0cda6eb2964437d"},
    {file = "numpy-2.0.1-pp39-pypy39_pp73-manylinux_2_17_x86_64.manylinux2014_x86_64.whl", hash = "sha256:eacf3291e263d5a67d8c1a581a8ebbcfd6447204ef58828caf69a5e3e8c75990"},
    {file = "numpy-2.0.1-pp39-pypy39_pp73-win_amd64.whl", hash = "sha256:2c3a346ae20cfd80b6cfd3e60dc179963ef2ea58da5ec074fd3d9e7a1e7ba97f"},
    {file = "numpy-2.0.1.tar.gz", hash = "sha256:485b87235796410c3519a699cfe1faab097e509e90ebb05dcd098db2ae87e7b3"},
]

[[package]]
name = "packaging"
version = "24.0"
requires_python = ">=3.7"
summary = "Core utilities for Python packages"
groups = ["dev"]
files = [
    {file = "packaging-24.0-py3-none-any.whl", hash = "sha256:2ddfb553fdf02fb784c234c7ba6ccc288296ceabec964ad2eae3777778130bc5"},
    {file = "packaging-24.0.tar.gz", hash = "sha256:eb82c5e3e56209074766e6885bb04b8c38a0c015d0a30036ebe7ece34c9989e9"},
]

[[package]]
name = "platformdirs"
version = "4.2.1"
requires_python = ">=3.8"
summary = "A small Python package for determining appropriate platform-specific dirs, e.g. a `user data dir`."
groups = ["default"]
files = [
    {file = "platformdirs-4.2.1-py3-none-any.whl", hash = "sha256:17d5a1161b3fd67b390023cb2d3b026bbd40abde6fdb052dfbd3a29c3ba22ee1"},
    {file = "platformdirs-4.2.1.tar.gz", hash = "sha256:031cd18d4ec63ec53e82dceaac0417d218a6863f7745dfcc9efe7793b7039bdf"},
]

[[package]]
name = "pluggy"
version = "1.5.0"
requires_python = ">=3.8"
summary = "plugin and hook calling mechanisms for python"
groups = ["dev"]
files = [
    {file = "pluggy-1.5.0-py3-none-any.whl", hash = "sha256:44e1ad92c8ca002de6377e165f3e0f1be63266ab4d554740532335b9d75ea669"},
    {file = "pluggy-1.5.0.tar.gz", hash = "sha256:2cffa88e94fdc978c4c574f15f9e59b7f4201d439195c3715ca9e2486f1d0cf1"},
]

[[package]]
name = "polars"
version = "1.2.1"
requires_python = ">=3.8"
summary = "Blazingly fast DataFrame library"
groups = ["default"]
files = [
    {file = "polars-1.2.1-cp38-abi3-macosx_10_12_x86_64.whl", hash = "sha256:baa5d1f032d7b82075cf926d40a4c6d74dd897cae9fa529f6bc1f68608db53e0"},
    {file = "polars-1.2.1-cp38-abi3-macosx_11_0_arm64.whl", hash = "sha256:a113fe7e378044c621be329bedfaa19cb0d7fff4bb05642dc91bb9413e662b8f"},
    {file = "polars-1.2.1-cp38-abi3-manylinux_2_17_x86_64.manylinux2014_x86_64.whl", hash = "sha256:2094877da694bb59bfb7f5af50471955012b950068dc6f3ef5ecc41653a3b04f"},
    {file = "polars-1.2.1-cp38-abi3-manylinux_2_24_aarch64.whl", hash = "sha256:d71f87f7ef9f4f4a1d52127399b1dae4a2622d528eea90f94912d92e0e9e3998"},
    {file = "polars-1.2.1-cp38-abi3-win_amd64.whl", hash = "sha256:764c2701b8ca8a27dcd7f23c94ba9031aec4d392061dfa7d1c2fdcbfd132d6ba"},
    {file = "polars-1.2.1.tar.gz", hash = "sha256:a46aba51acce7ecf85151f72d25ef2a3eeb5735d55f4b7cc69ec4a596e9fbefd"},
]

[[package]]
name = "polars"
version = "1.2.1"
extras = ["pyarrow"]
requires_python = ">=3.8"
summary = "Blazingly fast DataFrame library"
groups = ["default"]
dependencies = [
    "polars==1.2.1",
    "pyarrow>=7.0.0",
]
files = [
    {file = "polars-1.2.1-cp38-abi3-macosx_10_12_x86_64.whl", hash = "sha256:baa5d1f032d7b82075cf926d40a4c6d74dd897cae9fa529f6bc1f68608db53e0"},
    {file = "polars-1.2.1-cp38-abi3-macosx_11_0_arm64.whl", hash = "sha256:a113fe7e378044c621be329bedfaa19cb0d7fff4bb05642dc91bb9413e662b8f"},
    {file = "polars-1.2.1-cp38-abi3-manylinux_2_17_x86_64.manylinux2014_x86_64.whl", hash = "sha256:2094877da694bb59bfb7f5af50471955012b950068dc6f3ef5ecc41653a3b04f"},
    {file = "polars-1.2.1-cp38-abi3-manylinux_2_24_aarch64.whl", hash = "sha256:d71f87f7ef9f4f4a1d52127399b1dae4a2622d528eea90f94912d92e0e9e3998"},
    {file = "polars-1.2.1-cp38-abi3-win_amd64.whl", hash = "sha256:764c2701b8ca8a27dcd7f23c94ba9031aec4d392061dfa7d1c2fdcbfd132d6ba"},
    {file = "polars-1.2.1.tar.gz", hash = "sha256:a46aba51acce7ecf85151f72d25ef2a3eeb5735d55f4b7cc69ec4a596e9fbefd"},
]

[[package]]
name = "pyarrow"
version = "17.0.0"
requires_python = ">=3.8"
summary = "Python library for Apache Arrow"
groups = ["default"]
dependencies = [
    "numpy>=1.16.6",
]
files = [
    {file = "pyarrow-17.0.0-cp312-cp312-macosx_10_15_x86_64.whl", hash = "sha256:9b8a823cea605221e61f34859dcc03207e52e409ccf6354634143e23af7c8d22"},
    {file = "pyarrow-17.0.0-cp312-cp312-macosx_11_0_arm64.whl", hash = "sha256:f1e70de6cb5790a50b01d2b686d54aaf73da01266850b05e3af2a1bc89e16053"},
    {file = "pyarrow-17.0.0-cp312-cp312-manylinux_2_17_aarch64.manylinux2014_aarch64.whl", hash = "sha256:0071ce35788c6f9077ff9ecba4858108eebe2ea5a3f7cf2cf55ebc1dbc6ee24a"},
    {file = "pyarrow-17.0.0-cp312-cp312-manylinux_2_17_x86_64.manylinux2014_x86_64.whl", hash = "sha256:757074882f844411fcca735e39aae74248a1531367a7c80799b4266390ae51cc"},
    {file = "pyarrow-17.0.0-cp312-cp312-manylinux_2_28_aarch64.whl", hash = "sha256:9ba11c4f16976e89146781a83833df7f82077cdab7dc6232c897789343f7891a"},
    {file = "pyarrow-17.0.0-cp312-cp312-manylinux_2_28_x86_64.whl", hash = "sha256:b0c6ac301093b42d34410b187bba560b17c0330f64907bfa4f7f7f2444b0cf9b"},
    {file = "pyarrow-17.0.0-cp312-cp312-win_amd64.whl", hash = "sha256:392bc9feabc647338e6c89267635e111d71edad5fcffba204425a7c8d13610d7"},
    {file = "pyarrow-17.0.0.tar.gz", hash = "sha256:4beca9521ed2c0921c1023e68d097d0299b62c362639ea315572a58f3f50fd28"},
]

[[package]]
name = "pylint"
version = "3.2.5"
requires_python = ">=3.8.0"
summary = "python code static checker"
groups = ["default"]
dependencies = [
    "astroid<=3.3.0-dev0,>=3.2.2",
    "colorama>=0.4.5; sys_platform == \"win32\"",
    "dill>=0.3.6; python_version >= \"3.11\"",
    "dill>=0.3.7; python_version >= \"3.12\"",
    "isort!=5.13.0,<6,>=4.2.5",
    "mccabe<0.8,>=0.6",
    "platformdirs>=2.2.0",
    "tomlkit>=0.10.1",
]
files = [
    {file = "pylint-3.2.5-py3-none-any.whl", hash = "sha256:32cd6c042b5004b8e857d727708720c54a676d1e22917cf1a2df9b4d4868abd6"},
    {file = "pylint-3.2.5.tar.gz", hash = "sha256:e9b7171e242dcc6ebd0aaa7540481d1a72860748a0a7816b8fe6cf6c80a6fe7e"},
]

[[package]]
name = "pytest"
version = "8.2.2"
requires_python = ">=3.8"
summary = "pytest: simple powerful testing with Python"
groups = ["dev"]
dependencies = [
    "colorama; sys_platform == \"win32\"",
    "iniconfig",
    "packaging",
    "pluggy<2.0,>=1.5",
]
files = [
    {file = "pytest-8.2.2-py3-none-any.whl", hash = "sha256:c434598117762e2bd304e526244f67bf66bbd7b5d6cf22138be51ff661980343"},
    {file = "pytest-8.2.2.tar.gz", hash = "sha256:de4bb8104e201939ccdc688b27a89a7be2079b22e2bd2b07f806b6ba71117977"},
]

[[package]]
name = "pytest-cases"
version = "3.8.5"
summary = "Separate test code from test cases in pytest."
groups = ["dev"]
dependencies = [
    "decopatch",
    "makefun>=1.15.1",
    "packaging",
]
files = [
    {file = "pytest-cases-3.8.5.tar.gz", hash = "sha256:c92054187847a7d30d8ab6709fb1670a830e4e19234be700c85c96b6d7102c16"},
    {file = "pytest_cases-3.8.5-py2.py3-none-any.whl", hash = "sha256:0c8e3727f6494e65b47321adbd94c767277c7b5de1bd40dd518a13f7443b1fff"},
]

[[package]]
name = "python-dateutil"
version = "2.9.0.post0"
requires_python = "!=3.0.*,!=3.1.*,!=3.2.*,>=2.7"
summary = "Extensions to the standard Python datetime module"
groups = ["default"]
dependencies = [
    "six>=1.5",
]
files = [
    {file = "python-dateutil-2.9.0.post0.tar.gz", hash = "sha256:37dd54208da7e1cd875388217d5e00ebd4179249f90fb72437e91a35459a0ad3"},
    {file = "python_dateutil-2.9.0.post0-py2.py3-none-any.whl", hash = "sha256:a8b2bc7bffae282281c8140a97d3aa9c14da0b136dfe83f850eea9a5f7470427"},
]

[[package]]
name = "requests"
version = "2.31.0"
requires_python = ">=3.7"
summary = "Python HTTP for Humans."
groups = ["default"]
dependencies = [
    "certifi>=2017.4.17",
    "charset-normalizer<4,>=2",
    "idna<4,>=2.5",
    "urllib3<3,>=1.21.1",
]
files = [
    {file = "requests-2.31.0-py3-none-any.whl", hash = "sha256:58cd2187c01e70e6e26505bca751777aa9f2ee0b7f4300988b709f44e013003f"},
    {file = "requests-2.31.0.tar.gz", hash = "sha256:942c5a758f98d790eaed1a29cb6eefc7ffb0d1cf7af05c3d2791656dbd6ad1e1"},
]

[[package]]
name = "ruff"
version = "0.5.2"
requires_python = ">=3.7"
summary = "An extremely fast Python linter and code formatter, written in Rust."
groups = ["dev"]
files = [
    {file = "ruff-0.5.2-py3-none-linux_armv6l.whl", hash = "sha256:7bab8345df60f9368d5f4594bfb8b71157496b44c30ff035d1d01972e764d3be"},
    {file = "ruff-0.5.2-py3-none-macosx_10_12_x86_64.whl", hash = "sha256:1aa7acad382ada0189dbe76095cf0a36cd0036779607c397ffdea16517f535b1"},
    {file = "ruff-0.5.2-py3-none-macosx_11_0_arm64.whl", hash = "sha256:aec618d5a0cdba5592c60c2dee7d9c865180627f1a4a691257dea14ac1aa264d"},
    {file = "ruff-0.5.2-py3-none-manylinux_2_17_aarch64.manylinux2014_aarch64.whl", hash = "sha256:a0b62adc5ce81780ff04077e88bac0986363e4a3260ad3ef11ae9c14aa0e67ef"},
    {file = "ruff-0.5.2-py3-none-manylinux_2_17_armv7l.manylinux2014_armv7l.whl", hash = "sha256:dc42ebf56ede83cb080a50eba35a06e636775649a1ffd03dc986533f878702a3"},
    {file = "ruff-0.5.2-py3-none-manylinux_2_17_i686.manylinux2014_i686.whl", hash = "sha256:c15c6e9f88c67ffa442681365d11df38afb11059fc44238e71a9d9f1fd51de70"},
    {file = "ruff-0.5.2-py3-none-manylinux_2_17_ppc64.manylinux2014_ppc64.whl", hash = "sha256:d3de9a5960f72c335ef00763d861fc5005ef0644cb260ba1b5a115a102157251"},
    {file = "ruff-0.5.2-py3-none-manylinux_2_17_ppc64le.manylinux2014_ppc64le.whl", hash = "sha256:fe5a968ae933e8f7627a7b2fc8893336ac2be0eb0aace762d3421f6e8f7b7f83"},
    {file = "ruff-0.5.2-py3-none-manylinux_2_17_s390x.manylinux2014_s390x.whl", hash = "sha256:a04f54a9018f75615ae52f36ea1c5515e356e5d5e214b22609ddb546baef7132"},
    {file = "ruff-0.5.2-py3-none-manylinux_2_17_x86_64.manylinux2014_x86_64.whl", hash = "sha256:1ed02fb52e3741f0738db5f93e10ae0fb5c71eb33a4f2ba87c9a2fa97462a649"},
    {file = "ruff-0.5.2-py3-none-musllinux_1_2_aarch64.whl", hash = "sha256:3cf8fe659f6362530435d97d738eb413e9f090e7e993f88711b0377fbdc99f60"},
    {file = "ruff-0.5.2-py3-none-musllinux_1_2_armv7l.whl", hash = "sha256:237a37e673e9f3cbfff0d2243e797c4862a44c93d2f52a52021c1a1b0899f846"},
    {file = "ruff-0.5.2-py3-none-musllinux_1_2_i686.whl", hash = "sha256:2a2949ce7c1cbd8317432ada80fe32156df825b2fd611688814c8557824ef060"},
    {file = "ruff-0.5.2-py3-none-musllinux_1_2_x86_64.whl", hash = "sha256:481af57c8e99da92ad168924fd82220266043c8255942a1cb87958b108ac9335"},
    {file = "ruff-0.5.2-py3-none-win32.whl", hash = "sha256:f1aea290c56d913e363066d83d3fc26848814a1fed3d72144ff9c930e8c7c718"},
    {file = "ruff-0.5.2-py3-none-win_amd64.whl", hash = "sha256:8532660b72b5d94d2a0a7a27ae7b9b40053662d00357bb2a6864dd7e38819084"},
    {file = "ruff-0.5.2-py3-none-win_arm64.whl", hash = "sha256:73439805c5cb68f364d826a5c5c4b6c798ded6b7ebaa4011f01ce6c94e4d5583"},
    {file = "ruff-0.5.2.tar.gz", hash = "sha256:2c0df2d2de685433794a14d8d2e240df619b748fbe3367346baa519d8e6f1ca2"},
]

[[package]]
name = "s3transfer"
version = "0.10.1"
requires_python = ">= 3.8"
summary = "An Amazon S3 Transfer Manager"
groups = ["default"]
dependencies = [
    "botocore<2.0a.0,>=1.33.2",
]
files = [
    {file = "s3transfer-0.10.1-py3-none-any.whl", hash = "sha256:ceb252b11bcf87080fb7850a224fb6e05c8a776bab8f2b64b7f25b969464839d"},
    {file = "s3transfer-0.10.1.tar.gz", hash = "sha256:5683916b4c724f799e600f41dd9e10a9ff19871bf87623cc8f491cb4f5fa0a19"},
]

[[package]]
name = "six"
version = "1.16.0"
requires_python = ">=2.7, !=3.0.*, !=3.1.*, !=3.2.*"
summary = "Python 2 and 3 compatibility utilities"
groups = ["default"]
files = [
    {file = "six-1.16.0-py2.py3-none-any.whl", hash = "sha256:8abb2f1d86890a2dfb989f9a77cfcfd3e47c2a354b01111771326f8aa26e0254"},
    {file = "six-1.16.0.tar.gz", hash = "sha256:1e61c37477a1626458e36f7b1d82aa5c9b094fa4802892072e49de9c60c4c926"},
]

[[package]]
name = "tomlkit"
version = "0.12.4"
requires_python = ">=3.7"
summary = "Style preserving TOML library"
groups = ["default"]
files = [
    {file = "tomlkit-0.12.4-py3-none-any.whl", hash = "sha256:5cd82d48a3dd89dee1f9d64420aa20ae65cfbd00668d6f094d7578a78efbb77b"},
    {file = "tomlkit-0.12.4.tar.gz", hash = "sha256:7ca1cfc12232806517a8515047ba66a19369e71edf2439d0f5824f91032b6cc3"},
]

[[package]]
name = "urllib3"
version = "2.2.1"
requires_python = ">=3.8"
summary = "HTTP library with thread-safe connection pooling, file post, and more."
groups = ["default"]
files = [
    {file = "urllib3-2.2.1-py3-none-any.whl", hash = "sha256:450b20ec296a467077128bff42b73080516e71b56ff59a60a02bef2232c4fa9d"},
    {file = "urllib3-2.2.1.tar.gz", hash = "sha256:d0570876c61ab9e520d776c38acbbb5b05a776d3f9ff98a5c8fd5162a444cf19"},
]
